
Microsoft Visual Studio Solution File, Format Version 12.00
# Visual Studio Version 16
VisualStudioVersion = 16.0.31624.102
MinimumVisualStudioVersion = 10.0.40219.1
Project("{FAE04EC0-301F-11D3-BF4B-00C04F79EFBC}") = "React", "React\React.csproj", "{59493D73-A26B-4275-B837-C226416D6587}"
EndProject
Global
	GlobalSection(SolutionConfigurationPlatforms) = preSolution
		Debug|Any CPU = Debug|Any CPU
		Release|Any CPU = Release|Any CPU
	EndGlobalSection
	GlobalSection(ProjectConfigurationPlatforms) = postSolution
		{59493D73-A26B-4275-B837-C226416D6587}.Debug|Any CPU.ActiveCfg = Debug|Any CPU
		{59493D73-A26B-4275-B837-C226416D6587}.Debug|Any CPU.Build.0 = Debug|Any CPU
		{59493D73-A26B-4275-B837-C226416D6587}.Release|Any CPU.ActiveCfg = Release|Any CPU
		{59493D73-A26B-4275-B837-C226416D6587}.Release|Any CPU.Build.0 = Release|Any CPU
	EndGlobalSection
	GlobalSection(SolutionProperties) = preSolution
		HideSolutionNode = FALSE
	EndGlobalSection
	GlobalSection(ExtensibilityGlobals) = postSolution
		SolutionGuid = {027AA51C-DEB6-4318-91E5-F8E41714B61B}
	EndGlobalSection
EndGlobal
